
Microsoft Visual Studio Solution File, Format Version 12.00
# Visual Studio Version 16
VisualStudioVersion = 16.0.31105.61
MinimumVisualStudioVersion = 10.0.40219.1
Project("{FAE04EC0-301F-11D3-BF4B-00C04F79EFBC}") = "Practica2", "Practica2\Practica2.csproj", "{F94D0D13-735C-4916-9726-D97A7FA9461E}"
EndProject
Global
	GlobalSection(SolutionConfigurationPlatforms) = preSolution
		Debug|Any CPU = Debug|Any CPU
		Release|Any CPU = Release|Any CPU
	EndGlobalSection
	GlobalSection(ProjectConfigurationPlatforms) = postSolution
		{F94D0D13-735C-4916-9726-D97A7FA9461E}.Debug|Any CPU.ActiveCfg = Debug|Any CPU
		{F94D0D13-735C-4916-9726-D97A7FA9461E}.Debug|Any CPU.Build.0 = Debug|Any CPU
		{F94D0D13-735C-4916-9726-D97A7FA9461E}.Release|Any CPU.ActiveCfg = Release|Any CPU
		{F94D0D13-735C-4916-9726-D97A7FA9461E}.Release|Any CPU.Build.0 = Release|Any CPU
	EndGlobalSection
	GlobalSection(SolutionProperties) = preSolution
		HideSolutionNode = FALSE
	EndGlobalSection
	GlobalSection(ExtensibilityGlobals) = postSolution
		SolutionGuid = {408200E2-0191-4A77-BD3D-A4F040C5CD9B}
	EndGlobalSection
EndGlobal
